{
  "version": 4,
  "terraform_version": "1.9.8",
  "serial": 52,
  "lineage": "1a2c22a1-6955-0964-f9d7-f8b8bac5bcdd",
  "outputs": {
    "ec2_public_ip": {
      "value": "44.201.86.99",
      "type": "string"
    },
    "private_key": {
      "value": "-----BEGIN RSA PRIVATE KEY-----\nMIIEpAIBAAKCAQEArpF/aQIf5ZmocmVU9PH+xmZ40qPmCxHBcCbxGqxpaTh3s8w2\nwb334dZVOu7+3FQyxNdRI8sZgFfZG39C/DwqGti4OM39XRZkdqLcxIDBpmaOLsd4\nwDtNW/SOqYdsPpmQkUOXG+cC6RrUFEFuJEklqQNo9da+Symg1VLGTwuMF6MKGkM1\nH3r8riG/sdi4MFXrhKgQeIBL1/kEUf1nNaNQYRSMq4bA0GPIeJhfvQ/rku825It+\nqsFAehzS4aFYGp3g/5ya5eyZka3lqtbk1LPtcUyQQaveg3b13oaGyE+fpD2GqbeO\nLVP/Lym2HRsLTrr4iDzGhOLHM5EMVSrKb3ONUQIDAQABAoIBAEcVG+poYRCe9wZN\n2MA84d9rznsHHh8XxcqjML4JwoqD4comt41Ai3U8T0xGESUqa9nXS0Tl6KZoHxGh\nSmdnIEX6RVlsF2UWPyZHvtmNDE1zqSXHN5YfD6sH9Cd36026PjHIcfl8oaTFteHh\nmrXPyzP9HXotTSNR+hmjMPjy3MKqhhwZoHystyHeqj3GvMgMrOokUGk7jU9NncxY\n0n2pvaeq2AZIWL28OnSmff7wUt3APetxbVvBKfi1yvJKg7R/eO0g2cwPSQ8+kQyM\npovA8QgQhLINE5sTHla+6XH6wbkBJKwKDlwqX5SjpyZW5vX0vvgKKzk5gaurG4nC\nvlqMojkCgYEA5qCxEtyIoSQ3BrZPy22rCk8kLn9coLWPcHmX5KSKtqzaw2HojeU0\nnjk6UGy/14+WNjsi+RV0aBhEkya6GFMMLEcDfyxlzZPoQiqdNKHMEHldGy/aI8QT\ns0x7q0YTkMYUi8NxY48h/GOK/+8cLbpGismCtl2r88g6jbATMIpyLwcCgYEAwcX4\n7WG6leDGNdxPSNOw1lxulLIrmziQPwE39EcwZc+yB0lE4LmFdlTFHw1BHWneFJlf\n/tjeWuzyNgVod62ZXeELZBX+PRt+r4n+c0d1fMKBpeSK0iwgpszHOYMTrJlUzeCq\nLgMC34WKYFxAsyHNMaCh0aaVZ5nz3dtsq9I2cucCgYEAgiNI6EDDZFKgLkxv6HXA\n3zdbTlWV+iWZhDlIyb9DeuM9KqUz6eXddC8MxdcnxcaDV6S1DmLZ5edTwslGl3U9\nWDrWMUvnQkLk+3k6bjmigeVJ8Y5mBGqfRzywSCxp2/a6H0ew0yIwZk/xXowZlYAY\nUDZ3aNqgrhZdXBhwK6Lj3b8CgYAHBOrdfnrJzxie/toIY1K2kSaYUFPwDX58Kckj\nGikQpxNl3CuYkF/bR3rUgyBmtl0LFfs6OhTj6k1j05JTM4Cou+wztfA9um8+YJtN\nBbulx032+m5k6qBMKoLU/ICL8gn2YzsG66kA+89lajIVyxWpxI3YEFa9KACDet1W\n5AiA5QKBgQCJ0SfbeeywlcFTb/JHUXH0BsTcb4TlZENRF2SVePGVOT9yrE3t7IKY\n/vbyD08abq0iQHkmLWakojn0VhaWhwyo/eVNlDhlLmf8aLMvxY30qiuowLt25JYd\ne2klaTbVM8hfN0EwnXdeqFKaBHtNDhSgol1csul9GkFOx5B1e6udFw==\n-----END RSA PRIVATE KEY-----\n",
      "type": "string",
      "sensitive": true
    }
  },
  "resources": [
    {
      "mode": "data",
      "type": "aws_ami",
      "name": "debian12",
      "provider": "provider[\"registry.terraform.io/hashicorp/aws\"]",
      "instances": [
        {
          "schema_version": 0,
          "attributes": {
            "architecture": "x86_64",
            "arn": "arn:aws:ec2:us-east-1::image/ami-02c084bff28b29ca4",
            "block_device_mappings": [
              {
                "device_name": "/dev/xvda",
                "ebs": {
                  "delete_on_termination": "true",
                  "encrypted": "false",
                  "iops": "3000",
                  "snapshot_id": "snap-0fabec0d808a562c4",
                  "throughput": "125",
                  "volume_size": "8",
                  "volume_type": "gp3"
                },
                "no_device": "",
                "virtual_name": ""
              }
            ],
            "boot_mode": "",
            "creation_date": "2024-10-04T14:21:44.000Z",
            "deprecation_time": "2026-10-04T14:21:44.000Z",
            "description": "Debian 12 (20241004-1890)",
            "ena_support": true,
            "executable_users": null,
            "filter": [
              {
                "name": "name",
                "values": [
                  "debian-12-amd64-*"
                ]
              },
              {
                "name": "virtualization-type",
                "values": [
                  "hvm"
                ]
              }
            ],
            "hypervisor": "xen",
            "id": "ami-02c084bff28b29ca4",
            "image_id": "ami-02c084bff28b29ca4",
            "image_location": "amazon/debian-12-amd64-20241004-1890",
            "image_owner_alias": "amazon",
            "image_type": "machine",
            "imds_support": "",
            "include_deprecated": false,
            "kernel_id": "",
            "most_recent": true,
            "name": "debian-12-amd64-20241004-1890",
            "name_regex": null,
            "owner_id": "136693071363",
            "owners": [
              "amazon"
            ],
            "platform": "",
            "platform_details": "Linux/UNIX",
            "product_codes": [],
            "public": true,
            "ramdisk_id": "",
            "root_device_name": "/dev/xvda",
            "root_device_type": "ebs",
            "root_snapshot_id": "snap-0fabec0d808a562c4",
            "sriov_net_support": "simple",
            "state": "available",
            "state_reason": {
              "code": "UNSET",
              "message": "UNSET"
            },
            "tags": {},
            "timeouts": null,
            "tpm_support": "",
            "usage_operation": "RunInstances",
            "virtualization_type": "hvm"
          },
          "sensitive_attributes": []
        }
      ]
    },
    {
      "mode": "managed",
      "type": "aws_instance",
      "name": "debian_ec2",
      "provider": "provider[\"registry.terraform.io/hashicorp/aws\"]",
      "instances": [
        {
          "schema_version": 1,
          "attributes": {
            "ami": "ami-02c084bff28b29ca4",
            "arn": "arn:aws:ec2:us-east-1:586794472625:instance/i-070032dc5c6f9f230",
            "associate_public_ip_address": true,
            "availability_zone": "us-east-1a",
            "capacity_reservation_specification": [
              {
                "capacity_reservation_preference": "open",
                "capacity_reservation_target": []
              }
            ],
            "cpu_core_count": 1,
            "cpu_options": [
              {
                "amd_sev_snp": "",
                "core_count": 1,
                "threads_per_core": 1
              }
            ],
            "cpu_threads_per_core": 1,
            "credit_specification": [
              {
                "cpu_credits": "standard"
              }
            ],
            "disable_api_stop": false,
            "disable_api_termination": false,
            "ebs_block_device": [],
            "ebs_optimized": false,
            "enclave_options": [
              {
                "enabled": false
              }
            ],
            "ephemeral_block_device": [],
            "get_password_data": false,
            "hibernation": false,
            "host_id": "",
            "host_resource_group_arn": null,
            "iam_instance_profile": "",
            "id": "i-070032dc5c6f9f230",
            "instance_initiated_shutdown_behavior": "stop",
            "instance_lifecycle": "",
            "instance_market_options": [],
            "instance_state": "running",
            "instance_type": "t2.micro",
            "ipv6_address_count": 0,
            "ipv6_addresses": [],
            "key_name": "VExpenses-JulianaMachado-key",
            "launch_template": [],
            "maintenance_options": [
              {
                "auto_recovery": "default"
              }
            ],
            "metadata_options": [
              {
                "http_endpoint": "enabled",
                "http_protocol_ipv6": "disabled",
                "http_put_response_hop_limit": 1,
                "http_tokens": "optional",
                "instance_metadata_tags": "disabled"
              }
            ],
            "monitoring": false,
            "network_interface": [],
            "outpost_arn": "",
            "password_data": "",
            "placement_group": "",
            "placement_partition_number": 0,
            "primary_network_interface_id": "eni-05f0e9e7ac8e3012d",
            "private_dns": "ip-10-0-1-27.ec2.internal",
            "private_dns_name_options": [
              {
                "enable_resource_name_dns_a_record": false,
                "enable_resource_name_dns_aaaa_record": false,
                "hostname_type": "ip-name"
              }
            ],
            "private_ip": "10.0.1.27",
            "public_dns": "ec2-44-201-86-99.compute-1.amazonaws.com",
            "public_ip": "44.201.86.99",
            "root_block_device": [
              {
                "delete_on_termination": true,
                "device_name": "/dev/xvda",
                "encrypted": false,
                "iops": 100,
                "kms_key_id": "",
                "tags": {},
                "tags_all": {},
                "throughput": 0,
                "volume_id": "vol-00c905b55e6176511",
                "volume_size": 20,
                "volume_type": "gp2"
              }
            ],
            "secondary_private_ips": [],
            "security_groups": [],
            "source_dest_check": true,
            "spot_instance_request_id": "",
            "subnet_id": "subnet-0410d7bd47190a6e9",
            "tags": {
              "Name": "VExpenses-JulianaMachado-ec2"
            },
            "tags_all": {
              "Name": "VExpenses-JulianaMachado-ec2"
            },
            "tenancy": "default",
            "timeouts": null,
            "user_data": "6ecf7515f3b81ea5b0d59d4c89f73c7e73fa662a",
            "user_data_base64": null,
            "user_data_replace_on_change": false,
            "volume_tags": null,
            "vpc_security_group_ids": [
              "sg-0bf7abd62a52bb49f"
            ]
          },
          "sensitive_attributes": [],
          "private": "eyJlMmJmYjczMC1lY2FhLTExZTYtOGY4OC0zNDM2M2JjN2M0YzAiOnsiY3JlYXRlIjo2MDAwMDAwMDAwMDAsImRlbGV0ZSI6MTIwMDAwMDAwMDAwMCwicmVhZCI6OTAwMDAwMDAwMDAwLCJ1cGRhdGUiOjYwMDAwMDAwMDAwMH0sInNjaGVtYV92ZXJzaW9uIjoiMSJ9",
          "dependencies": [
            "aws_key_pair.ec2_key_pair",
            "aws_security_group.main_sg",
            "aws_subnet.main_subnet",
            "aws_vpc.main_vpc",
            "data.aws_ami.debian12",
            "tls_private_key.ec2_key"
          ]
        }
      ]
    },
    {
      "mode": "managed",
      "type": "aws_internet_gateway",
      "name": "main_igw",
      "provider": "provider[\"registry.terraform.io/hashicorp/aws\"]",
      "instances": [
        {
          "schema_version": 0,
          "attributes": {
            "arn": "arn:aws:ec2:us-east-1:586794472625:internet-gateway/igw-07a0b07b97a277736",
            "id": "igw-07a0b07b97a277736",
            "owner_id": "586794472625",
            "tags": {
              "Name": "VExpenses-JulianaMachado-igw"
            },
            "tags_all": {
              "Name": "VExpenses-JulianaMachado-igw"
            },
            "timeouts": null,
            "vpc_id": "vpc-0198337d8cf4af022"
          },
          "sensitive_attributes": [],
          "private": "eyJlMmJmYjczMC1lY2FhLTExZTYtOGY4OC0zNDM2M2JjN2M0YzAiOnsiY3JlYXRlIjoxMjAwMDAwMDAwMDAwLCJkZWxldGUiOjEyMDAwMDAwMDAwMDAsInVwZGF0ZSI6MTIwMDAwMDAwMDAwMH19",
          "dependencies": [
            "aws_vpc.main_vpc"
          ]
        }
      ]
    },
    {
      "mode": "managed",
      "type": "aws_key_pair",
      "name": "ec2_key_pair",
      "provider": "provider[\"registry.terraform.io/hashicorp/aws\"]",
      "instances": [
        {
          "schema_version": 1,
          "attributes": {
            "arn": "arn:aws:ec2:us-east-1:586794472625:key-pair/VExpenses-JulianaMachado-key",
            "fingerprint": "3e:53:84:09:5a:ea:22:c8:73:d4:fd:08:d9:72:f9:97",
            "id": "VExpenses-JulianaMachado-key",
            "key_name": "VExpenses-JulianaMachado-key",
            "key_name_prefix": "",
            "key_pair_id": "key-0faab02061c811bc3",
            "key_type": "rsa",
            "public_key": "ssh-rsa AAAAB3NzaC1yc2EAAAADAQABAAABAQCukX9pAh/lmahyZVT08f7GZnjSo+YLEcFwJvEarGlpOHezzDbBvffh1lU67v7cVDLE11EjyxmAV9kbf0L8PCoa2Lg4zf1dFmR2otzEgMGmZo4ux3jAO01b9I6ph2w+mZCRQ5cb5wLpGtQUQW4kSSWpA2j11r5LKaDVUsZPC4wXowoaQzUfevyuIb+x2LgwVeuEqBB4gEvX+QRR/Wc1o1BhFIyrhsDQY8h4mF+9D+uS7zbki36qwUB6HNLhoVganeD/nJrl7JmRreWq1uTUs+1xTJBBq96DdvXehobIT5+kPYapt44tU/8vKbYdGwtOuviIPMaE4sczkQxVKspvc41R",
            "tags": {},
            "tags_all": {}
          },
          "sensitive_attributes": [],
          "private": "eyJzY2hlbWFfdmVyc2lvbiI6IjEifQ==",
          "dependencies": [
            "tls_private_key.ec2_key"
          ]
        }
      ]
    },
    {
      "mode": "managed",
      "type": "aws_route_table",
      "name": "main_route_table",
      "provider": "provider[\"registry.terraform.io/hashicorp/aws\"]",
      "instances": [
        {
          "schema_version": 0,
          "attributes": {
            "arn": "arn:aws:ec2:us-east-1:586794472625:route-table/rtb-0a8ebd4d9eedde3d6",
            "id": "rtb-0a8ebd4d9eedde3d6",
            "owner_id": "586794472625",
            "propagating_vgws": [],
            "route": [
              {
                "carrier_gateway_id": "",
                "cidr_block": "0.0.0.0/0",
                "core_network_arn": "",
                "destination_prefix_list_id": "",
                "egress_only_gateway_id": "",
                "gateway_id": "igw-07a0b07b97a277736",
                "ipv6_cidr_block": "",
                "local_gateway_id": "",
                "nat_gateway_id": "",
                "network_interface_id": "",
                "transit_gateway_id": "",
                "vpc_endpoint_id": "",
                "vpc_peering_connection_id": ""
              }
            ],
            "tags": {
              "Name": "VExpenses-JulianaMachado-route_table"
            },
            "tags_all": {
              "Name": "VExpenses-JulianaMachado-route_table"
            },
            "timeouts": null,
            "vpc_id": "vpc-0198337d8cf4af022"
          },
          "sensitive_attributes": [],
          "private": "eyJlMmJmYjczMC1lY2FhLTExZTYtOGY4OC0zNDM2M2JjN2M0YzAiOnsiY3JlYXRlIjozMDAwMDAwMDAwMDAsImRlbGV0ZSI6MzAwMDAwMDAwMDAwLCJ1cGRhdGUiOjEyMDAwMDAwMDAwMH19",
          "dependencies": [
            "aws_internet_gateway.main_igw",
            "aws_vpc.main_vpc"
          ]
        }
      ]
    },
    {
      "mode": "managed",
      "type": "aws_route_table_association",
      "name": "main_association",
      "provider": "provider[\"registry.terraform.io/hashicorp/aws\"]",
      "instances": [
        {
          "schema_version": 0,
          "attributes": {
            "gateway_id": "",
            "id": "rtbassoc-0a23eb73a70f99a93",
            "route_table_id": "rtb-0a8ebd4d9eedde3d6",
            "subnet_id": "subnet-0410d7bd47190a6e9",
            "timeouts": null
          },
          "sensitive_attributes": [],
          "private": "eyJlMmJmYjczMC1lY2FhLTExZTYtOGY4OC0zNDM2M2JjN2M0YzAiOnsiY3JlYXRlIjozMDAwMDAwMDAwMDAsImRlbGV0ZSI6MzAwMDAwMDAwMDAwLCJ1cGRhdGUiOjEyMDAwMDAwMDAwMH19",
          "dependencies": [
            "aws_internet_gateway.main_igw",
            "aws_route_table.main_route_table",
            "aws_subnet.main_subnet",
            "aws_vpc.main_vpc"
          ]
        }
      ]
    },
    {
      "mode": "managed",
      "type": "aws_security_group",
      "name": "main_sg",
      "provider": "provider[\"registry.terraform.io/hashicorp/aws\"]",
      "instances": [
        {
          "schema_version": 1,
          "attributes": {
            "arn": "arn:aws:ec2:us-east-1:586794472625:security-group/sg-0bf7abd62a52bb49f",
            "description": "Permitir SSH de qualquer lugar e todo o trafego de saida",
            "egress": [
              {
                "cidr_blocks": [
                  "0.0.0.0/0"
                ],
                "description": "",
                "from_port": 0,
                "ipv6_cidr_blocks": [
                  "::/0"
                ],
                "prefix_list_ids": [],
                "protocol": "-1",
                "security_groups": [],
                "self": false,
                "to_port": 0
              }
            ],
            "id": "sg-0bf7abd62a52bb49f",
            "ingress": [
              {
                "cidr_blocks": [
                  "0.0.0.0/0"
                ],
                "description": "",
                "from_port": 0,
                "ipv6_cidr_blocks": [
                  "::/0"
                ],
                "prefix_list_ids": [],
                "protocol": "tcp",
                "security_groups": [],
                "self": false,
                "to_port": 443
              },
              {
                "cidr_blocks": [
                  "0.0.0.0/0"
                ],
                "description": "",
                "from_port": 0,
                "ipv6_cidr_blocks": [
                  "::/0"
                ],
                "prefix_list_ids": [],
                "protocol": "tcp",
                "security_groups": [],
                "self": false,
                "to_port": 80
              },
              {
                "cidr_blocks": [
                  "0.0.0.0/0"
                ],
                "description": "",
                "from_port": 22,
                "ipv6_cidr_blocks": [
                  "::/0"
                ],
                "prefix_list_ids": [],
                "protocol": "tcp",
                "security_groups": [],
                "self": false,
                "to_port": 22
              }
            ],
            "name": "VExpenses-JulianaMachado-sg",
            "name_prefix": "",
            "owner_id": "586794472625",
            "revoke_rules_on_delete": false,
            "tags": {
              "Name": "VExpenses-JulianaMachado-sg"
            },
            "tags_all": {
              "Name": "VExpenses-JulianaMachado-sg"
            },
            "timeouts": null,
            "vpc_id": "vpc-0198337d8cf4af022"
          },
          "sensitive_attributes": [],
          "private": "eyJlMmJmYjczMC1lY2FhLTExZTYtOGY4OC0zNDM2M2JjN2M0YzAiOnsiY3JlYXRlIjo2MDAwMDAwMDAwMDAsImRlbGV0ZSI6OTAwMDAwMDAwMDAwfSwic2NoZW1hX3ZlcnNpb24iOiIxIn0=",
          "dependencies": [
            "aws_vpc.main_vpc"
          ]
        }
      ]
    },
    {
      "mode": "managed",
      "type": "aws_security_group_rule",
      "name": "sg_egress_1",
      "provider": "provider[\"registry.terraform.io/hashicorp/aws\"]",
      "instances": [
        {
          "schema_version": 2,
          "attributes": {
            "cidr_blocks": [
              "0.0.0.0/0"
            ],
            "description": null,
            "from_port": 0,
            "id": "sgrule-2118332336",
            "ipv6_cidr_blocks": [
              "::/0"
            ],
            "prefix_list_ids": null,
            "protocol": "-1",
            "security_group_id": "sg-0bf7abd62a52bb49f",
            "security_group_rule_id": "",
            "self": false,
            "source_security_group_id": null,
            "timeouts": null,
            "to_port": 0,
            "type": "egress"
          },
          "sensitive_attributes": [],
          "private": "eyJlMmJmYjczMC1lY2FhLTExZTYtOGY4OC0zNDM2M2JjN2M0YzAiOnsiY3JlYXRlIjozMDAwMDAwMDAwMDB9LCJzY2hlbWFfdmVyc2lvbiI6IjIifQ==",
          "dependencies": [
            "aws_security_group.main_sg",
            "aws_vpc.main_vpc"
          ]
        }
      ]
    },
    {
      "mode": "managed",
      "type": "aws_security_group_rule",
      "name": "sg_ingress_1",
      "provider": "provider[\"registry.terraform.io/hashicorp/aws\"]",
      "instances": [
        {
          "schema_version": 2,
          "attributes": {
            "cidr_blocks": [
              "0.0.0.0/0"
            ],
            "description": null,
            "from_port": 22,
            "id": "sgrule-2241617057",
            "ipv6_cidr_blocks": [
              "::/0"
            ],
            "prefix_list_ids": null,
            "protocol": "tcp",
            "security_group_id": "sg-0bf7abd62a52bb49f",
            "security_group_rule_id": "",
            "self": false,
            "source_security_group_id": null,
            "timeouts": null,
            "to_port": 22,
            "type": "ingress"
          },
          "sensitive_attributes": [],
          "private": "eyJlMmJmYjczMC1lY2FhLTExZTYtOGY4OC0zNDM2M2JjN2M0YzAiOnsiY3JlYXRlIjozMDAwMDAwMDAwMDB9LCJzY2hlbWFfdmVyc2lvbiI6IjIifQ==",
          "dependencies": [
            "aws_security_group.main_sg",
            "aws_vpc.main_vpc"
          ]
        }
      ]
    },
    {
      "mode": "managed",
      "type": "aws_security_group_rule",
      "name": "sg_ingress_2",
      "provider": "provider[\"registry.terraform.io/hashicorp/aws\"]",
      "instances": [
        {
          "schema_version": 2,
          "attributes": {
            "cidr_blocks": [
              "0.0.0.0/0"
            ],
            "description": null,
            "from_port": 80,
            "id": "sgrule-987864018",
            "ipv6_cidr_blocks": [
              "::/0"
            ],
            "prefix_list_ids": null,
            "protocol": "tcp",
            "security_group_id": "sg-0bf7abd62a52bb49f",
            "security_group_rule_id": "",
            "self": false,
            "source_security_group_id": null,
            "timeouts": null,
            "to_port": 80,
            "type": "ingress"
          },
          "sensitive_attributes": [],
          "private": "eyJlMmJmYjczMC1lY2FhLTExZTYtOGY4OC0zNDM2M2JjN2M0YzAiOnsiY3JlYXRlIjozMDAwMDAwMDAwMDB9LCJzY2hlbWFfdmVyc2lvbiI6IjIifQ==",
          "dependencies": [
            "aws_security_group.main_sg",
            "aws_vpc.main_vpc"
          ]
        }
      ]
    },
    {
      "mode": "managed",
      "type": "aws_security_group_rule",
      "name": "sg_ingress_3",
      "provider": "provider[\"registry.terraform.io/hashicorp/aws\"]",
      "instances": [
        {
          "schema_version": 2,
          "attributes": {
            "cidr_blocks": [
              "0.0.0.0/0"
            ],
            "description": null,
            "from_port": 443,
            "id": "sgrule-1486596838",
            "ipv6_cidr_blocks": [
              "::/0"
            ],
            "prefix_list_ids": null,
            "protocol": "tcp",
            "security_group_id": "sg-0bf7abd62a52bb49f",
            "security_group_rule_id": "",
            "self": false,
            "source_security_group_id": null,
            "timeouts": null,
            "to_port": 443,
            "type": "ingress"
          },
          "sensitive_attributes": [],
          "private": "eyJlMmJmYjczMC1lY2FhLTExZTYtOGY4OC0zNDM2M2JjN2M0YzAiOnsiY3JlYXRlIjozMDAwMDAwMDAwMDB9LCJzY2hlbWFfdmVyc2lvbiI6IjIifQ==",
          "dependencies": [
            "aws_security_group.main_sg",
            "aws_vpc.main_vpc"
          ]
        }
      ]
    },
    {
      "mode": "managed",
      "type": "aws_subnet",
      "name": "main_subnet",
      "provider": "provider[\"registry.terraform.io/hashicorp/aws\"]",
      "instances": [
        {
          "schema_version": 1,
          "attributes": {
            "arn": "arn:aws:ec2:us-east-1:586794472625:subnet/subnet-0410d7bd47190a6e9",
            "assign_ipv6_address_on_creation": false,
            "availability_zone": "us-east-1a",
            "availability_zone_id": "use1-az2",
            "cidr_block": "10.0.1.0/24",
            "customer_owned_ipv4_pool": "",
            "enable_dns64": false,
            "enable_lni_at_device_index": 0,
            "enable_resource_name_dns_a_record_on_launch": false,
            "enable_resource_name_dns_aaaa_record_on_launch": false,
            "id": "subnet-0410d7bd47190a6e9",
            "ipv6_cidr_block": "",
            "ipv6_cidr_block_association_id": "",
            "ipv6_native": false,
            "map_customer_owned_ip_on_launch": false,
            "map_public_ip_on_launch": false,
            "outpost_arn": "",
            "owner_id": "586794472625",
            "private_dns_hostname_type_on_launch": "ip-name",
            "tags": {
              "Name": "VExpenses-JulianaMachado-subnet"
            },
            "tags_all": {
              "Name": "VExpenses-JulianaMachado-subnet"
            },
            "timeouts": null,
            "vpc_id": "vpc-0198337d8cf4af022"
          },
          "sensitive_attributes": [],
          "private": "eyJlMmJmYjczMC1lY2FhLTExZTYtOGY4OC0zNDM2M2JjN2M0YzAiOnsiY3JlYXRlIjo2MDAwMDAwMDAwMDAsImRlbGV0ZSI6MTIwMDAwMDAwMDAwMH0sInNjaGVtYV92ZXJzaW9uIjoiMSJ9",
          "dependencies": [
            "aws_vpc.main_vpc"
          ]
        }
      ]
    },
    {
      "mode": "managed",
      "type": "aws_vpc",
      "name": "main_vpc",
      "provider": "provider[\"registry.terraform.io/hashicorp/aws\"]",
      "instances": [
        {
          "schema_version": 1,
          "attributes": {
            "arn": "arn:aws:ec2:us-east-1:586794472625:vpc/vpc-0198337d8cf4af022",
            "assign_generated_ipv6_cidr_block": false,
            "cidr_block": "10.0.0.0/16",
            "default_network_acl_id": "acl-0cb3f4597261d9b08",
            "default_route_table_id": "rtb-01e911009ce7fa742",
            "default_security_group_id": "sg-0ad6cc415871f6639",
            "dhcp_options_id": "dopt-020e43e4d8b775089",
            "enable_dns_hostnames": true,
            "enable_dns_support": true,
            "enable_network_address_usage_metrics": false,
            "id": "vpc-0198337d8cf4af022",
            "instance_tenancy": "default",
            "ipv4_ipam_pool_id": null,
            "ipv4_netmask_length": null,
            "ipv6_association_id": "",
            "ipv6_cidr_block": "",
            "ipv6_cidr_block_network_border_group": "",
            "ipv6_ipam_pool_id": "",
            "ipv6_netmask_length": 0,
            "main_route_table_id": "rtb-01e911009ce7fa742",
            "owner_id": "586794472625",
            "tags": {
              "Name": "VExpenses-JulianaMachado-vpc"
            },
            "tags_all": {
              "Name": "VExpenses-JulianaMachado-vpc"
            }
          },
          "sensitive_attributes": [],
          "private": "eyJzY2hlbWFfdmVyc2lvbiI6IjEifQ=="
        }
      ]
    },
    {
      "mode": "managed",
      "type": "tls_private_key",
      "name": "ec2_key",
      "provider": "provider[\"registry.terraform.io/hashicorp/tls\"]",
      "instances": [
        {
          "schema_version": 1,
          "attributes": {
            "algorithm": "RSA",
            "ecdsa_curve": "P224",
            "id": "2c2d4819fb63a9a0f9098203b9375ccd46f50657",
            "private_key_openssh": "-----BEGIN OPENSSH PRIVATE KEY-----\nb3BlbnNzaC1rZXktdjEAAAAABG5vbmUAAAAEbm9uZQAAAAAAAAABAAABFwAAAAdz\nc2gtcnNhAAAAAwEAAQAAAQEArpF/aQIf5ZmocmVU9PH+xmZ40qPmCxHBcCbxGqxp\naTh3s8w2wb334dZVOu7+3FQyxNdRI8sZgFfZG39C/DwqGti4OM39XRZkdqLcxIDB\npmaOLsd4wDtNW/SOqYdsPpmQkUOXG+cC6RrUFEFuJEklqQNo9da+Symg1VLGTwuM\nF6MKGkM1H3r8riG/sdi4MFXrhKgQeIBL1/kEUf1nNaNQYRSMq4bA0GPIeJhfvQ/r\nku825It+qsFAehzS4aFYGp3g/5ya5eyZka3lqtbk1LPtcUyQQaveg3b13oaGyE+f\npD2GqbeOLVP/Lym2HRsLTrr4iDzGhOLHM5EMVSrKb3ONUQAAA7gMB3muDAd5rgAA\nAAdzc2gtcnNhAAABAQCukX9pAh/lmahyZVT08f7GZnjSo+YLEcFwJvEarGlpOHez\nzDbBvffh1lU67v7cVDLE11EjyxmAV9kbf0L8PCoa2Lg4zf1dFmR2otzEgMGmZo4u\nx3jAO01b9I6ph2w+mZCRQ5cb5wLpGtQUQW4kSSWpA2j11r5LKaDVUsZPC4wXowoa\nQzUfevyuIb+x2LgwVeuEqBB4gEvX+QRR/Wc1o1BhFIyrhsDQY8h4mF+9D+uS7zbk\ni36qwUB6HNLhoVganeD/nJrl7JmRreWq1uTUs+1xTJBBq96DdvXehobIT5+kPYap\nt44tU/8vKbYdGwtOuviIPMaE4sczkQxVKspvc41RAAAAAwEAAQAAAQBHFRvqaGEQ\nnvcGTdjAPOHfa857Bx4fF8XKozC+CcKKg+HKJreNQIt1PE9MRhElKmvZ10tE5eim\naB8RoUpnZyBF+kVZbBdlFj8mR77ZjQxNc6klxzeWHw+rB/Qnd+tNuj4xyHH5fKGk\nxbXh4Zq1z8sz/R16LU0jUfoZozD48tzCqoYcGaB8rLch3qo9xrzIDKzqJFBpO41P\nTZ3MWNJ9qb2nqtgGSFi9vDp0pn3+8FLdwD3rcW1bwSn4tcrySoO0f3jtINnMD0kP\nPpEMjKaLwPEIEISyDRObEx5Wvulx+sG5ASSsCg5cKl+Uo6cmVub19L74Cis5OYGr\nqxuJwr5ajKI5AAAAgQCJ0SfbeeywlcFTb/JHUXH0BsTcb4TlZENRF2SVePGVOT9y\nrE3t7IKY/vbyD08abq0iQHkmLWakojn0VhaWhwyo/eVNlDhlLmf8aLMvxY30qiuo\nwLt25JYde2klaTbVM8hfN0EwnXdeqFKaBHtNDhSgol1csul9GkFOx5B1e6udFwAA\nAIEA5qCxEtyIoSQ3BrZPy22rCk8kLn9coLWPcHmX5KSKtqzaw2HojeU0njk6UGy/\n14+WNjsi+RV0aBhEkya6GFMMLEcDfyxlzZPoQiqdNKHMEHldGy/aI8QTs0x7q0YT\nkMYUi8NxY48h/GOK/+8cLbpGismCtl2r88g6jbATMIpyLwcAAACBAMHF+O1hupXg\nxjXcT0jTsNZcbpSyK5s4kD8BN/RHMGXPsgdJROC5hXZUxR8NQR1p3hSZX/7Y3lrs\n8jYFaHetmV3hC2QV/j0bfq+J/nNHdXzCgaXkitIsIKbMxzmDE6yZVM3gqi4DAt+F\nimBcQLMhzTGgodGmlWeZ893bbKvSNnLnAAAAAAEC\n-----END OPENSSH PRIVATE KEY-----\n",
            "private_key_pem": "-----BEGIN RSA PRIVATE KEY-----\nMIIEpAIBAAKCAQEArpF/aQIf5ZmocmVU9PH+xmZ40qPmCxHBcCbxGqxpaTh3s8w2\nwb334dZVOu7+3FQyxNdRI8sZgFfZG39C/DwqGti4OM39XRZkdqLcxIDBpmaOLsd4\nwDtNW/SOqYdsPpmQkUOXG+cC6RrUFEFuJEklqQNo9da+Symg1VLGTwuMF6MKGkM1\nH3r8riG/sdi4MFXrhKgQeIBL1/kEUf1nNaNQYRSMq4bA0GPIeJhfvQ/rku825It+\nqsFAehzS4aFYGp3g/5ya5eyZka3lqtbk1LPtcUyQQaveg3b13oaGyE+fpD2GqbeO\nLVP/Lym2HRsLTrr4iDzGhOLHM5EMVSrKb3ONUQIDAQABAoIBAEcVG+poYRCe9wZN\n2MA84d9rznsHHh8XxcqjML4JwoqD4comt41Ai3U8T0xGESUqa9nXS0Tl6KZoHxGh\nSmdnIEX6RVlsF2UWPyZHvtmNDE1zqSXHN5YfD6sH9Cd36026PjHIcfl8oaTFteHh\nmrXPyzP9HXotTSNR+hmjMPjy3MKqhhwZoHystyHeqj3GvMgMrOokUGk7jU9NncxY\n0n2pvaeq2AZIWL28OnSmff7wUt3APetxbVvBKfi1yvJKg7R/eO0g2cwPSQ8+kQyM\npovA8QgQhLINE5sTHla+6XH6wbkBJKwKDlwqX5SjpyZW5vX0vvgKKzk5gaurG4nC\nvlqMojkCgYEA5qCxEtyIoSQ3BrZPy22rCk8kLn9coLWPcHmX5KSKtqzaw2HojeU0\nnjk6UGy/14+WNjsi+RV0aBhEkya6GFMMLEcDfyxlzZPoQiqdNKHMEHldGy/aI8QT\ns0x7q0YTkMYUi8NxY48h/GOK/+8cLbpGismCtl2r88g6jbATMIpyLwcCgYEAwcX4\n7WG6leDGNdxPSNOw1lxulLIrmziQPwE39EcwZc+yB0lE4LmFdlTFHw1BHWneFJlf\n/tjeWuzyNgVod62ZXeELZBX+PRt+r4n+c0d1fMKBpeSK0iwgpszHOYMTrJlUzeCq\nLgMC34WKYFxAsyHNMaCh0aaVZ5nz3dtsq9I2cucCgYEAgiNI6EDDZFKgLkxv6HXA\n3zdbTlWV+iWZhDlIyb9DeuM9KqUz6eXddC8MxdcnxcaDV6S1DmLZ5edTwslGl3U9\nWDrWMUvnQkLk+3k6bjmigeVJ8Y5mBGqfRzywSCxp2/a6H0ew0yIwZk/xXowZlYAY\nUDZ3aNqgrhZdXBhwK6Lj3b8CgYAHBOrdfnrJzxie/toIY1K2kSaYUFPwDX58Kckj\nGikQpxNl3CuYkF/bR3rUgyBmtl0LFfs6OhTj6k1j05JTM4Cou+wztfA9um8+YJtN\nBbulx032+m5k6qBMKoLU/ICL8gn2YzsG66kA+89lajIVyxWpxI3YEFa9KACDet1W\n5AiA5QKBgQCJ0SfbeeywlcFTb/JHUXH0BsTcb4TlZENRF2SVePGVOT9yrE3t7IKY\n/vbyD08abq0iQHkmLWakojn0VhaWhwyo/eVNlDhlLmf8aLMvxY30qiuowLt25JYd\ne2klaTbVM8hfN0EwnXdeqFKaBHtNDhSgol1csul9GkFOx5B1e6udFw==\n-----END RSA PRIVATE KEY-----\n",
            "private_key_pem_pkcs8": "-----BEGIN PRIVATE KEY-----\nMIIEvgIBADANBgkqhkiG9w0BAQEFAASCBKgwggSkAgEAAoIBAQCukX9pAh/lmahy\nZVT08f7GZnjSo+YLEcFwJvEarGlpOHezzDbBvffh1lU67v7cVDLE11EjyxmAV9kb\nf0L8PCoa2Lg4zf1dFmR2otzEgMGmZo4ux3jAO01b9I6ph2w+mZCRQ5cb5wLpGtQU\nQW4kSSWpA2j11r5LKaDVUsZPC4wXowoaQzUfevyuIb+x2LgwVeuEqBB4gEvX+QRR\n/Wc1o1BhFIyrhsDQY8h4mF+9D+uS7zbki36qwUB6HNLhoVganeD/nJrl7JmRreWq\n1uTUs+1xTJBBq96DdvXehobIT5+kPYapt44tU/8vKbYdGwtOuviIPMaE4sczkQxV\nKspvc41RAgMBAAECggEARxUb6mhhEJ73Bk3YwDzh32vOewceHxfFyqMwvgnCioPh\nyia3jUCLdTxPTEYRJSpr2ddLROXopmgfEaFKZ2cgRfpFWWwXZRY/Jke+2Y0MTXOp\nJcc3lh8Pqwf0J3frTbo+Mchx+XyhpMW14eGatc/LM/0dei1NI1H6GaMw+PLcwqqG\nHBmgfKy3Id6qPca8yAys6iRQaTuNT02dzFjSfam9p6rYBkhYvbw6dKZ9/vBS3cA9\n63FtW8Ep+LXK8kqDtH947SDZzA9JDz6RDIymi8DxCBCEsg0TmxMeVr7pcfrBuQEk\nrAoOXCpflKOnJlbm9fS++AorOTmBq6sbicK+WoyiOQKBgQDmoLES3IihJDcGtk/L\nbasKTyQuf1ygtY9weZfkpIq2rNrDYeiN5TSeOTpQbL/Xj5Y2OyL5FXRoGESTJroY\nUwwsRwN/LGXNk+hCKp00ocwQeV0bL9ojxBOzTHurRhOQxhSLw3FjjyH8Y4r/7xwt\nukaKyYK2XavzyDqNsBMwinIvBwKBgQDBxfjtYbqV4MY13E9I07DWXG6UsiubOJA/\nATf0RzBlz7IHSUTguYV2VMUfDUEdad4UmV/+2N5a7PI2BWh3rZld4QtkFf49G36v\nif5zR3V8woGl5IrSLCCmzMc5gxOsmVTN4KouAwLfhYpgXECzIc0xoKHRppVnmfPd\n22yr0jZy5wKBgQCCI0joQMNkUqAuTG/odcDfN1tOVZX6JZmEOUjJv0N64z0qpTPp\n5d10LwzF1yfFxoNXpLUOYtnl51PCyUaXdT1YOtYxS+dCQuT7eTpuOaKB5UnxjmYE\nap9HPLBILGnb9rofR7DTIjBmT/FejBmVgBhQNndo2qCuFl1cGHArouPdvwKBgAcE\n6t1+esnPGJ7+2ghjUraRJphQU/ANfnwpySMaKRCnE2XcK5iQX9tHetSDIGa2XQsV\n+zo6FOPqTWPTklMzgKi77DO18D26bz5gm00Fu6XHTfb6bmTqoEwqgtT8gIvyCfZj\nOwbrqQD7z2VqMhXLFanEjdgQVr0oAIN63VbkCIDlAoGBAInRJ9t57LCVwVNv8kdR\ncfQGxNxvhOVkQ1EXZJV48ZU5P3KsTe3sgpj+9vIPTxpurSJAeSYtZqSiOfRWFpaH\nDKj95U2UOGUuZ/xosy/FjfSqK6jAu3bklh17aSVpNtUzyF83QTCdd16oUpoEe00O\nFKCiXVyy6X0aQU7HkHV7q50X\n-----END PRIVATE KEY-----\n",
            "public_key_fingerprint_md5": "27:39:4f:a0:13:49:fb:ba:de:52:bc:49:44:39:e2:f0",
            "public_key_fingerprint_sha256": "SHA256:bxSGVBy6POVXSKpXx7dQeOddH1x+rkFJQIYPR3ZRbSo",
            "public_key_openssh": "ssh-rsa AAAAB3NzaC1yc2EAAAADAQABAAABAQCukX9pAh/lmahyZVT08f7GZnjSo+YLEcFwJvEarGlpOHezzDbBvffh1lU67v7cVDLE11EjyxmAV9kbf0L8PCoa2Lg4zf1dFmR2otzEgMGmZo4ux3jAO01b9I6ph2w+mZCRQ5cb5wLpGtQUQW4kSSWpA2j11r5LKaDVUsZPC4wXowoaQzUfevyuIb+x2LgwVeuEqBB4gEvX+QRR/Wc1o1BhFIyrhsDQY8h4mF+9D+uS7zbki36qwUB6HNLhoVganeD/nJrl7JmRreWq1uTUs+1xTJBBq96DdvXehobIT5+kPYapt44tU/8vKbYdGwtOuviIPMaE4sczkQxVKspvc41R\n",
            "public_key_pem": "-----BEGIN PUBLIC KEY-----\nMIIBIjANBgkqhkiG9w0BAQEFAAOCAQ8AMIIBCgKCAQEArpF/aQIf5ZmocmVU9PH+\nxmZ40qPmCxHBcCbxGqxpaTh3s8w2wb334dZVOu7+3FQyxNdRI8sZgFfZG39C/Dwq\nGti4OM39XRZkdqLcxIDBpmaOLsd4wDtNW/SOqYdsPpmQkUOXG+cC6RrUFEFuJEkl\nqQNo9da+Symg1VLGTwuMF6MKGkM1H3r8riG/sdi4MFXrhKgQeIBL1/kEUf1nNaNQ\nYRSMq4bA0GPIeJhfvQ/rku825It+qsFAehzS4aFYGp3g/5ya5eyZka3lqtbk1LPt\ncUyQQaveg3b13oaGyE+fpD2GqbeOLVP/Lym2HRsLTrr4iDzGhOLHM5EMVSrKb3ON\nUQIDAQAB\n-----END PUBLIC KEY-----\n",
            "rsa_bits": 2048
          },
          "sensitive_attributes": [
            [
              {
                "type": "get_attr",
                "value": "private_key_openssh"
              }
            ],
            [
              {
                "type": "get_attr",
                "value": "private_key_pem_pkcs8"
              }
            ],
            [
              {
                "type": "get_attr",
                "value": "private_key_pem"
              }
            ]
          ]
        }
      ]
    }
  ],
  "check_results": null
}
